
Microsoft Visual Studio Solution File, Format Version 12.00
# Visual Studio 15
VisualStudioVersion = 15.0.27130.2020
MinimumVisualStudioVersion = 10.0.40219.1
Project("{2150E333-8FDC-42A3-9474-1A3956D46DE8}") = "Layer 1", "Layer 1", "{EFA60CE9-1146-4E94-AFF3-5C9D56E3F36E}"
EndProject
Project("{2150E333-8FDC-42A3-9474-1A3956D46DE8}") = "Layer 2", "Layer 2", "{168C6FCD-750C-4CA2-A8E1-0E9ED5DD5284}"
EndProject
Project("{2150E333-8FDC-42A3-9474-1A3956D46DE8}") = "Shared", "Shared", "{B3E91E39-3D37-481A-B4A0-D55532B77183}"
EndProject
Project("{2150E333-8FDC-42A3-9474-1A3956D46DE8}") = "Data Access", "Data Access", "{43D2F9B1-2819-4354-B978-A07BF7A17616}"
EndProject
Project("{2150E333-8FDC-42A3-9474-1A3956D46DE8}") = "ORM", "ORM", "{5599A5B9-1E78-4BBE-90CB-31C82EFE821B}"
EndProject
Project("{2150E333-8FDC-42A3-9474-1A3956D46DE8}") = "Interfaces", "Interfaces", "{AB2F1341-186D-44A3-AEFE-473F3EE8890C}"
EndProject
Project("{2150E333-8FDC-42A3-9474-1A3956D46DE8}") = "Implementations", "Implementations", "{4BCC39AD-C9DD-455E-910A-251A668D6BF0}"
EndProject
Project("{2150E333-8FDC-42A3-9474-1A3956D46DE8}") = "Repositories", "Repositories", "{1C8E2A48-B449-4765-99B1-351168C74CF0}"
EndProject
Project("{2150E333-8FDC-42A3-9474-1A3956D46DE8}") = "Interfaces", "Interfaces", "{30F7AFD0-927D-4259-9733-10E802154A88}"
EndProject
Project("{2150E333-8FDC-42A3-9474-1A3956D46DE8}") = "Implementations", "Implementations", "{A8223F2F-29B5-44CC-89B5-230B72C5E852}"
EndProject
Project("{2150E333-8FDC-42A3-9474-1A3956D46DE8}") = "Business", "Business", "{1CB24ED9-FE66-4A25-AFB7-AA990C4826D0}"
EndProject
Project("{2150E333-8FDC-42A3-9474-1A3956D46DE8}") = "Interfaces", "Interfaces", "{0B541CDA-2793-48F1-B440-1E0C77560486}"
EndProject
Project("{2150E333-8FDC-42A3-9474-1A3956D46DE8}") = "Implementations", "Implementations", "{3F9377B7-4785-41CC-8DBF-3C600697EF63}"
EndProject
Project("{2150E333-8FDC-42A3-9474-1A3956D46DE8}") = "Layer 3", "Layer 3", "{108BC6EA-AF28-4C50-88BC-4C160C3CE830}"
EndProject
Project("{2150E333-8FDC-42A3-9474-1A3956D46DE8}") = "Services", "Services", "{822D2A8C-9393-4776-B06A-0386DA89F7F6}"
EndProject
Project("{2150E333-8FDC-42A3-9474-1A3956D46DE8}") = "Interfaces", "Interfaces", "{4CC40CEF-3B8B-460D-9854-29A15D312D39}"
EndProject
Project("{2150E333-8FDC-42A3-9474-1A3956D46DE8}") = "Controllers", "Controllers", "{3CB6B749-ECA1-43FF-AAFF-298FC400714D}"
EndProject
Project("{2150E333-8FDC-42A3-9474-1A3956D46DE8}") = "Implementations", "Implementations", "{F6CFF454-CABE-4617-B2BC-08EC6FC01140}"
EndProject
Project("{2150E333-8FDC-42A3-9474-1A3956D46DE8}") = "Extensibility", "Extensibility", "{36EFE86A-C138-4106-B8A4-CAA1473B811B}"
EndProject
Project("{2150E333-8FDC-42A3-9474-1A3956D46DE8}") = "Hosting", "Hosting", "{C7FFEDF5-9DBB-4FC3-B12B-51CAD4DAB1C7}"
EndProject
Project("{2150E333-8FDC-42A3-9474-1A3956D46DE8}") = "Models", "Models", "{6C1704F4-53EF-4A8B-8DE5-93B1670FD3C1}"
EndProject
Project("{9A19103F-16F7-4668-BE54-9A1E7A4F7556}") = "Yokogawa.Libraries.Models", "Yokogawa.Libraries.Models\Yokogawa.Libraries.Models.csproj", "{6DCC1331-6793-4660-801C-B191A21A2B6D}"
EndProject
Project("{9A19103F-16F7-4668-BE54-9A1E7A4F7556}") = "Yokogawa.Libraries.ORM.Interfaces", "Yokogawa.Libraries.ORM.Interfaces\Yokogawa.Libraries.ORM.Interfaces.csproj", "{982773E0-4AC3-4BB6-9AD1-4C2A2E5B2FDA}"
EndProject
Project("{9A19103F-16F7-4668-BE54-9A1E7A4F7556}") = "Yokogawa.Libraries.ORM.Impl", "Yokogawa.Libraries.ORM.Impl\Yokogawa.Libraries.ORM.Impl.csproj", "{5146EE48-CE90-4297-A159-C2320A9254E0}"
EndProject
Project("{9A19103F-16F7-4668-BE54-9A1E7A4F7556}") = "Yokogawa.Libraries.Repositories.Interfaces", "Yokogawa.Libraries.Repositories.Interfaces\Yokogawa.Libraries.Repositories.Interfaces.csproj", "{38CD175F-F991-4E62-9159-A33CF14A2638}"
EndProject
Project("{9A19103F-16F7-4668-BE54-9A1E7A4F7556}") = "Yokogawa.Libraries.Repositories.Impl", "Yokogawa.Libraries.Repositories.Impl\Yokogawa.Libraries.Repositories.Impl.csproj", "{16D1C43C-F6F7-4D82-9F04-C928CFF6C9D1}"
EndProject
Project("{9A19103F-16F7-4668-BE54-9A1E7A4F7556}") = "Yokogawa.Libraries.Business.Interfaces", "Yokogawa.Libraries.Business.Interfaces\Yokogawa.Libraries.Business.Interfaces.csproj", "{EDACC5F8-456C-498E-A89E-9359AE38FE1F}"
EndProject
Project("{9A19103F-16F7-4668-BE54-9A1E7A4F7556}") = "Yokogawa.Libraries.Business.Impl", "Yokogawa.Libraries.Business.Impl\Yokogawa.Libraries.Business.Impl.csproj", "{9AF9ED5D-3FA0-462B-BFAA-778B06D21B3C}"
EndProject
Project("{9A19103F-16F7-4668-BE54-9A1E7A4F7556}") = "CRMSystemCoreWeb", "CRMSystemCoreWeb\CRMSystemCoreWeb.csproj", "{4C83DF5A-96ED-4EAB-B729-7D5E084E75AB}"
EndProject
Project("{9A19103F-16F7-4668-BE54-9A1E7A4F7556}") = "Yokogawa.Libraries.Web.Controllers.Interfaces", "Yokogawa.Libraries.Web.Controllers.Interfaces\Yokogawa.Libraries.Web.Controllers.Interfaces.csproj", "{87230162-F32E-477F-A1B5-FE2788193A2F}"
EndProject
Project("{9A19103F-16F7-4668-BE54-9A1E7A4F7556}") = "Yokogawa.Libraries.Web.Controllers.Impl", "Yokogawa.Libraries.Web.Controllers.Impl\Yokogawa.Libraries.Web.Controllers.Impl.csproj", "{7A39750E-301E-4EA7-AF07-F7FD7A40B6A5}"
EndProject
Project("{2150E333-8FDC-42A3-9474-1A3956D46DE8}") = "Tests", "Tests", "{92D8EC21-D50A-4E6A-B6F3-D09DA445B453}"
EndProject
Project("{9A19103F-16F7-4668-BE54-9A1E7A4F7556}") = "CRMSystemCoreWebTests", "CRMSystemCoreWebTests\CRMSystemCoreWebTests.csproj", "{37862558-0190-4646-8304-48E3E97BDC78}"
EndProject
Project("{2150E333-8FDC-42A3-9474-1A3956D46DE8}") = "Solution Items", "Solution Items", "{1FC4BD3F-3FC2-4DE4-BFBE-580E793D2311}"
	ProjectSection(SolutionItems) = preProject
		.gitignore = .gitignore
		README.md = README.md
	EndProjectSection
EndProject
Global
	GlobalSection(SolutionConfigurationPlatforms) = preSolution
		Debug|Any CPU = Debug|Any CPU
		Release|Any CPU = Release|Any CPU
	EndGlobalSection
	GlobalSection(ProjectConfigurationPlatforms) = postSolution
		{6DCC1331-6793-4660-801C-B191A21A2B6D}.Debug|Any CPU.ActiveCfg = Debug|Any CPU
		{6DCC1331-6793-4660-801C-B191A21A2B6D}.Debug|Any CPU.Build.0 = Debug|Any CPU
		{6DCC1331-6793-4660-801C-B191A21A2B6D}.Release|Any CPU.ActiveCfg = Release|Any CPU
		{6DCC1331-6793-4660-801C-B191A21A2B6D}.Release|Any CPU.Build.0 = Release|Any CPU
		{982773E0-4AC3-4BB6-9AD1-4C2A2E5B2FDA}.Debug|Any CPU.ActiveCfg = Debug|Any CPU
		{982773E0-4AC3-4BB6-9AD1-4C2A2E5B2FDA}.Debug|Any CPU.Build.0 = Debug|Any CPU
		{982773E0-4AC3-4BB6-9AD1-4C2A2E5B2FDA}.Release|Any CPU.ActiveCfg = Release|Any CPU
		{982773E0-4AC3-4BB6-9AD1-4C2A2E5B2FDA}.Release|Any CPU.Build.0 = Release|Any CPU
		{5146EE48-CE90-4297-A159-C2320A9254E0}.Debug|Any CPU.ActiveCfg = Debug|Any CPU
		{5146EE48-CE90-4297-A159-C2320A9254E0}.Debug|Any CPU.Build.0 = Debug|Any CPU
		{5146EE48-CE90-4297-A159-C2320A9254E0}.Release|Any CPU.ActiveCfg = Release|Any CPU
		{5146EE48-CE90-4297-A159-C2320A9254E0}.Release|Any CPU.Build.0 = Release|Any CPU
		{38CD175F-F991-4E62-9159-A33CF14A2638}.Debug|Any CPU.ActiveCfg = Debug|Any CPU
		{38CD175F-F991-4E62-9159-A33CF14A2638}.Debug|Any CPU.Build.0 = Debug|Any CPU
		{38CD175F-F991-4E62-9159-A33CF14A2638}.Release|Any CPU.ActiveCfg = Release|Any CPU
		{38CD175F-F991-4E62-9159-A33CF14A2638}.Release|Any CPU.Build.0 = Release|Any CPU
		{16D1C43C-F6F7-4D82-9F04-C928CFF6C9D1}.Debug|Any CPU.ActiveCfg = Debug|Any CPU
		{16D1C43C-F6F7-4D82-9F04-C928CFF6C9D1}.Debug|Any CPU.Build.0 = Debug|Any CPU
		{16D1C43C-F6F7-4D82-9F04-C928CFF6C9D1}.Release|Any CPU.ActiveCfg = Release|Any CPU
		{16D1C43C-F6F7-4D82-9F04-C928CFF6C9D1}.Release|Any CPU.Build.0 = Release|Any CPU
		{EDACC5F8-456C-498E-A89E-9359AE38FE1F}.Debug|Any CPU.ActiveCfg = Debug|Any CPU
		{EDACC5F8-456C-498E-A89E-9359AE38FE1F}.Debug|Any CPU.Build.0 = Debug|Any CPU
		{EDACC5F8-456C-498E-A89E-9359AE38FE1F}.Release|Any CPU.ActiveCfg = Release|Any CPU
		{EDACC5F8-456C-498E-A89E-9359AE38FE1F}.Release|Any CPU.Build.0 = Release|Any CPU
		{9AF9ED5D-3FA0-462B-BFAA-778B06D21B3C}.Debug|Any CPU.ActiveCfg = Debug|Any CPU
		{9AF9ED5D-3FA0-462B-BFAA-778B06D21B3C}.Debug|Any CPU.Build.0 = Debug|Any CPU
		{9AF9ED5D-3FA0-462B-BFAA-778B06D21B3C}.Release|Any CPU.ActiveCfg = Release|Any CPU
		{9AF9ED5D-3FA0-462B-BFAA-778B06D21B3C}.Release|Any CPU.Build.0 = Release|Any CPU
		{4C83DF5A-96ED-4EAB-B729-7D5E084E75AB}.Debug|Any CPU.ActiveCfg = Debug|Any CPU
		{4C83DF5A-96ED-4EAB-B729-7D5E084E75AB}.Debug|Any CPU.Build.0 = Debug|Any CPU
		{4C83DF5A-96ED-4EAB-B729-7D5E084E75AB}.Release|Any CPU.ActiveCfg = Release|Any CPU
		{4C83DF5A-96ED-4EAB-B729-7D5E084E75AB}.Release|Any CPU.Build.0 = Release|Any CPU
		{87230162-F32E-477F-A1B5-FE2788193A2F}.Debug|Any CPU.ActiveCfg = Debug|Any CPU
		{87230162-F32E-477F-A1B5-FE2788193A2F}.Debug|Any CPU.Build.0 = Debug|Any CPU
		{87230162-F32E-477F-A1B5-FE2788193A2F}.Release|Any CPU.ActiveCfg = Release|Any CPU
		{87230162-F32E-477F-A1B5-FE2788193A2F}.Release|Any CPU.Build.0 = Release|Any CPU
		{7A39750E-301E-4EA7-AF07-F7FD7A40B6A5}.Debug|Any CPU.ActiveCfg = Debug|Any CPU
		{7A39750E-301E-4EA7-AF07-F7FD7A40B6A5}.Debug|Any CPU.Build.0 = Debug|Any CPU
		{7A39750E-301E-4EA7-AF07-F7FD7A40B6A5}.Release|Any CPU.ActiveCfg = Release|Any CPU
		{7A39750E-301E-4EA7-AF07-F7FD7A40B6A5}.Release|Any CPU.Build.0 = Release|Any CPU
		{37862558-0190-4646-8304-48E3E97BDC78}.Debug|Any CPU.ActiveCfg = Debug|Any CPU
		{37862558-0190-4646-8304-48E3E97BDC78}.Debug|Any CPU.Build.0 = Debug|Any CPU
		{37862558-0190-4646-8304-48E3E97BDC78}.Release|Any CPU.ActiveCfg = Release|Any CPU
		{37862558-0190-4646-8304-48E3E97BDC78}.Release|Any CPU.Build.0 = Release|Any CPU
	EndGlobalSection
	GlobalSection(SolutionProperties) = preSolution
		HideSolutionNode = FALSE
	EndGlobalSection
	GlobalSection(NestedProjects) = preSolution
		{43D2F9B1-2819-4354-B978-A07BF7A17616} = {EFA60CE9-1146-4E94-AFF3-5C9D56E3F36E}
		{5599A5B9-1E78-4BBE-90CB-31C82EFE821B} = {43D2F9B1-2819-4354-B978-A07BF7A17616}
		{AB2F1341-186D-44A3-AEFE-473F3EE8890C} = {5599A5B9-1E78-4BBE-90CB-31C82EFE821B}
		{4BCC39AD-C9DD-455E-910A-251A668D6BF0} = {5599A5B9-1E78-4BBE-90CB-31C82EFE821B}
		{1C8E2A48-B449-4765-99B1-351168C74CF0} = {43D2F9B1-2819-4354-B978-A07BF7A17616}
		{30F7AFD0-927D-4259-9733-10E802154A88} = {1C8E2A48-B449-4765-99B1-351168C74CF0}
		{A8223F2F-29B5-44CC-89B5-230B72C5E852} = {1C8E2A48-B449-4765-99B1-351168C74CF0}
		{1CB24ED9-FE66-4A25-AFB7-AA990C4826D0} = {168C6FCD-750C-4CA2-A8E1-0E9ED5DD5284}
		{0B541CDA-2793-48F1-B440-1E0C77560486} = {1CB24ED9-FE66-4A25-AFB7-AA990C4826D0}
		{3F9377B7-4785-41CC-8DBF-3C600697EF63} = {1CB24ED9-FE66-4A25-AFB7-AA990C4826D0}
		{822D2A8C-9393-4776-B06A-0386DA89F7F6} = {108BC6EA-AF28-4C50-88BC-4C160C3CE830}
		{4CC40CEF-3B8B-460D-9854-29A15D312D39} = {3CB6B749-ECA1-43FF-AAFF-298FC400714D}
		{3CB6B749-ECA1-43FF-AAFF-298FC400714D} = {822D2A8C-9393-4776-B06A-0386DA89F7F6}
		{F6CFF454-CABE-4617-B2BC-08EC6FC01140} = {3CB6B749-ECA1-43FF-AAFF-298FC400714D}
		{36EFE86A-C138-4106-B8A4-CAA1473B811B} = {822D2A8C-9393-4776-B06A-0386DA89F7F6}
		{C7FFEDF5-9DBB-4FC3-B12B-51CAD4DAB1C7} = {822D2A8C-9393-4776-B06A-0386DA89F7F6}
		{6C1704F4-53EF-4A8B-8DE5-93B1670FD3C1} = {B3E91E39-3D37-481A-B4A0-D55532B77183}
		{6DCC1331-6793-4660-801C-B191A21A2B6D} = {6C1704F4-53EF-4A8B-8DE5-93B1670FD3C1}
		{982773E0-4AC3-4BB6-9AD1-4C2A2E5B2FDA} = {AB2F1341-186D-44A3-AEFE-473F3EE8890C}
		{5146EE48-CE90-4297-A159-C2320A9254E0} = {4BCC39AD-C9DD-455E-910A-251A668D6BF0}
		{38CD175F-F991-4E62-9159-A33CF14A2638} = {30F7AFD0-927D-4259-9733-10E802154A88}
		{16D1C43C-F6F7-4D82-9F04-C928CFF6C9D1} = {A8223F2F-29B5-44CC-89B5-230B72C5E852}
		{EDACC5F8-456C-498E-A89E-9359AE38FE1F} = {0B541CDA-2793-48F1-B440-1E0C77560486}
		{9AF9ED5D-3FA0-462B-BFAA-778B06D21B3C} = {3F9377B7-4785-41CC-8DBF-3C600697EF63}
		{4C83DF5A-96ED-4EAB-B729-7D5E084E75AB} = {C7FFEDF5-9DBB-4FC3-B12B-51CAD4DAB1C7}
		{87230162-F32E-477F-A1B5-FE2788193A2F} = {4CC40CEF-3B8B-460D-9854-29A15D312D39}
		{7A39750E-301E-4EA7-AF07-F7FD7A40B6A5} = {F6CFF454-CABE-4617-B2BC-08EC6FC01140}
		{92D8EC21-D50A-4E6A-B6F3-D09DA445B453} = {822D2A8C-9393-4776-B06A-0386DA89F7F6}
		{37862558-0190-4646-8304-48E3E97BDC78} = {92D8EC21-D50A-4E6A-B6F3-D09DA445B453}
	EndGlobalSection
	GlobalSection(ExtensibilityGlobals) = postSolution
		SolutionGuid = {B63B6F5B-73AA-4A9C-AC04-E9DDD04FBBF6}
	EndGlobalSection
EndGlobal
